# This file is automatically @generated by Cargo.
# It is not intended for manual editing.
version = 4

[[package]]
name = "plugin-core"
version = "0.1.0"

[[package]]
name = "plugin-example"
version = "0.1.0"

[[package]]
name = "plugin-host"
version = "0.1.0"

[[package]]
name = "plugin-protocol"
version = "0.1.0"

[[package]]
name = "plugin-sdk"
version = "0.1.0"
